
Microsoft Visual Studio Solution File, Format Version 12.00
# Visual Studio Version 17
VisualStudioVersion = 17.7.34031.279
MinimumVisualStudioVersion = 10.0.40219.1
Project("{F184B08F-C81C-45F6-A57F-5ABD9991F28F}") = "9.3  Using the Len Function to find the Lenth of a Phrase", "9.3  Using the Len Function to find the Lenth of a Phrase.vbproj", "{A8DCDCB5-4291-40EA-AD69-FF38064A8558}"
EndProject
Global
	GlobalSection(SolutionConfigurationPlatforms) = preSolution
		Debug|Any CPU = Debug|Any CPU
		Release|Any CPU = Release|Any CPU
	EndGlobalSection
	GlobalSection(ProjectConfigurationPlatforms) = postSolution
		{A8DCDCB5-4291-40EA-AD69-FF38064A8558}.Debug|Any CPU.ActiveCfg = Debug|Any CPU
		{A8DCDCB5-4291-40EA-AD69-FF38064A8558}.Debug|Any CPU.Build.0 = Debug|Any CPU
		{A8DCDCB5-4291-40EA-AD69-FF38064A8558}.Release|Any CPU.ActiveCfg = Release|Any CPU
		{A8DCDCB5-4291-40EA-AD69-FF38064A8558}.Release|Any CPU.Build.0 = Release|Any CPU
	EndGlobalSection
	GlobalSection(SolutionProperties) = preSolution
		HideSolutionNode = FALSE
	EndGlobalSection
	GlobalSection(ExtensibilityGlobals) = postSolution
		SolutionGuid = {5378CABC-9BD3-4BD7-9F79-8069DBECBAD7}
	EndGlobalSection
EndGlobal
